
Microsoft Visual Studio Solution File, Format Version 12.00
# Visual Studio 15
VisualStudioVersion = 15.0.26124.0
MinimumVisualStudioVersion = 15.0.26124.0
Project("{FAE04EC0-301F-11D3-BF4B-00C04F79EFBC}") = "QuickBuy.Dominio", "QuickBuy.Dominio\QuickBuy.Dominio.csproj", "{A35253F4-9E1B-4859-B66B-6CA0D828FD44}"
EndProject
Project("{FAE04EC0-301F-11D3-BF4B-00C04F79EFBC}") = "QuickBuy.Repositorio", "QuickBuy.Repositorio\QuickBuy.Repositorio.csproj", "{7BBA2520-939A-44E4-B609-50475EE84D4E}"
EndProject
Project("{FAE04EC0-301F-11D3-BF4B-00C04F79EFBC}") = "QuickBuy.Web", "QuickBuy.Web\QuickBuy.Web.csproj", "{E5B8964C-9094-4A27-BF4C-173CB2AFAF71}"
EndProject
Global
	GlobalSection(SolutionConfigurationPlatforms) = preSolution
		Debug|Any CPU = Debug|Any CPU
		Debug|x64 = Debug|x64
		Debug|x86 = Debug|x86
		Release|Any CPU = Release|Any CPU
		Release|x64 = Release|x64
		Release|x86 = Release|x86
	EndGlobalSection
	GlobalSection(SolutionProperties) = preSolution
		HideSolutionNode = FALSE
	EndGlobalSection
	GlobalSection(ProjectConfigurationPlatforms) = postSolution
		{A35253F4-9E1B-4859-B66B-6CA0D828FD44}.Debug|Any CPU.ActiveCfg = Debug|Any CPU
		{A35253F4-9E1B-4859-B66B-6CA0D828FD44}.Debug|Any CPU.Build.0 = Debug|Any CPU
		{A35253F4-9E1B-4859-B66B-6CA0D828FD44}.Debug|x64.ActiveCfg = Debug|Any CPU
		{A35253F4-9E1B-4859-B66B-6CA0D828FD44}.Debug|x64.Build.0 = Debug|Any CPU
		{A35253F4-9E1B-4859-B66B-6CA0D828FD44}.Debug|x86.ActiveCfg = Debug|Any CPU
		{A35253F4-9E1B-4859-B66B-6CA0D828FD44}.Debug|x86.Build.0 = Debug|Any CPU
		{A35253F4-9E1B-4859-B66B-6CA0D828FD44}.Release|Any CPU.ActiveCfg = Release|Any CPU
		{A35253F4-9E1B-4859-B66B-6CA0D828FD44}.Release|Any CPU.Build.0 = Release|Any CPU
		{A35253F4-9E1B-4859-B66B-6CA0D828FD44}.Release|x64.ActiveCfg = Release|Any CPU
		{A35253F4-9E1B-4859-B66B-6CA0D828FD44}.Release|x64.Build.0 = Release|Any CPU
		{A35253F4-9E1B-4859-B66B-6CA0D828FD44}.Release|x86.ActiveCfg = Release|Any CPU
		{A35253F4-9E1B-4859-B66B-6CA0D828FD44}.Release|x86.Build.0 = Release|Any CPU
		{7BBA2520-939A-44E4-B609-50475EE84D4E}.Debug|Any CPU.ActiveCfg = Debug|Any CPU
		{7BBA2520-939A-44E4-B609-50475EE84D4E}.Debug|Any CPU.Build.0 = Debug|Any CPU
		{7BBA2520-939A-44E4-B609-50475EE84D4E}.Debug|x64.ActiveCfg = Debug|Any CPU
		{7BBA2520-939A-44E4-B609-50475EE84D4E}.Debug|x64.Build.0 = Debug|Any CPU
		{7BBA2520-939A-44E4-B609-50475EE84D4E}.Debug|x86.ActiveCfg = Debug|Any CPU
		{7BBA2520-939A-44E4-B609-50475EE84D4E}.Debug|x86.Build.0 = Debug|Any CPU
		{7BBA2520-939A-44E4-B609-50475EE84D4E}.Release|Any CPU.ActiveCfg = Release|Any CPU
		{7BBA2520-939A-44E4-B609-50475EE84D4E}.Release|Any CPU.Build.0 = Release|Any CPU
		{7BBA2520-939A-44E4-B609-50475EE84D4E}.Release|x64.ActiveCfg = Release|Any CPU
		{7BBA2520-939A-44E4-B609-50475EE84D4E}.Release|x64.Build.0 = Release|Any CPU
		{7BBA2520-939A-44E4-B609-50475EE84D4E}.Release|x86.ActiveCfg = Release|Any CPU
		{7BBA2520-939A-44E4-B609-50475EE84D4E}.Release|x86.Build.0 = Release|Any CPU
		{E5B8964C-9094-4A27-BF4C-173CB2AFAF71}.Debug|Any CPU.ActiveCfg = Debug|Any CPU
		{E5B8964C-9094-4A27-BF4C-173CB2AFAF71}.Debug|Any CPU.Build.0 = Debug|Any CPU
		{E5B8964C-9094-4A27-BF4C-173CB2AFAF71}.Debug|x64.ActiveCfg = Debug|Any CPU
		{E5B8964C-9094-4A27-BF4C-173CB2AFAF71}.Debug|x64.Build.0 = Debug|Any CPU
		{E5B8964C-9094-4A27-BF4C-173CB2AFAF71}.Debug|x86.ActiveCfg = Debug|Any CPU
		{E5B8964C-9094-4A27-BF4C-173CB2AFAF71}.Debug|x86.Build.0 = Debug|Any CPU
		{E5B8964C-9094-4A27-BF4C-173CB2AFAF71}.Release|Any CPU.ActiveCfg = Release|Any CPU
		{E5B8964C-9094-4A27-BF4C-173CB2AFAF71}.Release|Any CPU.Build.0 = Release|Any CPU
		{E5B8964C-9094-4A27-BF4C-173CB2AFAF71}.Release|x64.ActiveCfg = Release|Any CPU
		{E5B8964C-9094-4A27-BF4C-173CB2AFAF71}.Release|x64.Build.0 = Release|Any CPU
		{E5B8964C-9094-4A27-BF4C-173CB2AFAF71}.Release|x86.ActiveCfg = Release|Any CPU
		{E5B8964C-9094-4A27-BF4C-173CB2AFAF71}.Release|x86.Build.0 = Release|Any CPU
	EndGlobalSection
EndGlobal
